
Microsoft Visual Studio Solution File, Format Version 12.00
# Visual Studio Version 16
VisualStudioVersion = 16.0.30320.27
MinimumVisualStudioVersion = 10.0.40219.1
Project("{9A19103F-16F7-4668-BE54-9A1E7A4F7556}") = "CostingManagement", "CostingManagement\CostingManagement.csproj", "{3A9CFDDC-E598-41D9-BF28-9F9BA1992BBB}"
EndProject
Project("{9A19103F-16F7-4668-BE54-9A1E7A4F7556}") = "CostingManagement.Services", "CostingManagement.Services\CostingManagement.Services.csproj", "{37EE6C7F-3088-4434-A5C9-FFA83E61A652}"
EndProject
Project("{9A19103F-16F7-4668-BE54-9A1E7A4F7556}") = "CostingManagement.Data", "CostingManagement.Data\CostingManagement.Data.csproj", "{759AE97C-F92D-4376-B905-EC8C755A545A}"
EndProject
Project("{9A19103F-16F7-4668-BE54-9A1E7A4F7556}") = "CostingManagement.DTO", "CostingManagement.DTO\CostingManagement.DTO.csproj", "{4B85BE50-6E95-4182-976E-B18C9EA3BC80}"
EndProject
Project("{FAE04EC0-301F-11D3-BF4B-00C04F79EFBC}") = "CostingManagement.Core", "CostingManagement.Core\CostingManagement.Core.csproj", "{26A593AE-86B3-4E21-A3DF-259518D98D56}"
EndProject
Global
	GlobalSection(SolutionConfigurationPlatforms) = preSolution
		Debug|Any CPU = Debug|Any CPU
		Release|Any CPU = Release|Any CPU
	EndGlobalSection
	GlobalSection(ProjectConfigurationPlatforms) = postSolution
		{3A9CFDDC-E598-41D9-BF28-9F9BA1992BBB}.Debug|Any CPU.ActiveCfg = Debug|Any CPU
		{3A9CFDDC-E598-41D9-BF28-9F9BA1992BBB}.Debug|Any CPU.Build.0 = Debug|Any CPU
		{3A9CFDDC-E598-41D9-BF28-9F9BA1992BBB}.Release|Any CPU.ActiveCfg = Release|Any CPU
		{3A9CFDDC-E598-41D9-BF28-9F9BA1992BBB}.Release|Any CPU.Build.0 = Release|Any CPU
		{37EE6C7F-3088-4434-A5C9-FFA83E61A652}.Debug|Any CPU.ActiveCfg = Debug|Any CPU
		{37EE6C7F-3088-4434-A5C9-FFA83E61A652}.Debug|Any CPU.Build.0 = Debug|Any CPU
		{37EE6C7F-3088-4434-A5C9-FFA83E61A652}.Release|Any CPU.ActiveCfg = Release|Any CPU
		{37EE6C7F-3088-4434-A5C9-FFA83E61A652}.Release|Any CPU.Build.0 = Release|Any CPU
		{759AE97C-F92D-4376-B905-EC8C755A545A}.Debug|Any CPU.ActiveCfg = Debug|Any CPU
		{759AE97C-F92D-4376-B905-EC8C755A545A}.Debug|Any CPU.Build.0 = Debug|Any CPU
		{759AE97C-F92D-4376-B905-EC8C755A545A}.Release|Any CPU.ActiveCfg = Release|Any CPU
		{759AE97C-F92D-4376-B905-EC8C755A545A}.Release|Any CPU.Build.0 = Release|Any CPU
		{4B85BE50-6E95-4182-976E-B18C9EA3BC80}.Debug|Any CPU.ActiveCfg = Debug|Any CPU
		{4B85BE50-6E95-4182-976E-B18C9EA3BC80}.Debug|Any CPU.Build.0 = Debug|Any CPU
		{4B85BE50-6E95-4182-976E-B18C9EA3BC80}.Release|Any CPU.ActiveCfg = Release|Any CPU
		{4B85BE50-6E95-4182-976E-B18C9EA3BC80}.Release|Any CPU.Build.0 = Release|Any CPU
		{26A593AE-86B3-4E21-A3DF-259518D98D56}.Debug|Any CPU.ActiveCfg = Debug|Any CPU
		{26A593AE-86B3-4E21-A3DF-259518D98D56}.Debug|Any CPU.Build.0 = Debug|Any CPU
		{26A593AE-86B3-4E21-A3DF-259518D98D56}.Release|Any CPU.ActiveCfg = Release|Any CPU
		{26A593AE-86B3-4E21-A3DF-259518D98D56}.Release|Any CPU.Build.0 = Release|Any CPU
	EndGlobalSection
	GlobalSection(SolutionProperties) = preSolution
		HideSolutionNode = FALSE
	EndGlobalSection
	GlobalSection(ExtensibilityGlobals) = postSolution
		SolutionGuid = {8941883F-C4F0-43F6-8A8F-36CA3A170BA1}
	EndGlobalSection
EndGlobal
